
Microsoft Visual Studio Solution File, Format Version 12.00
# Visual Studio Version 17
VisualStudioVersion = 17.8.34511.84
MinimumVisualStudioVersion = 10.0.40219.1
Project("{FAE04EC0-301F-11D3-BF4B-00C04F79EFBC}") = "LabRepaso2", "LabRepaso2.csproj", "{C95BEC74-B158-40EC-BAB9-0264DC57BFBB}"
EndProject
Global
	GlobalSection(SolutionConfigurationPlatforms) = preSolution
		Debug|Any CPU = Debug|Any CPU
		Release|Any CPU = Release|Any CPU
	EndGlobalSection
	GlobalSection(ProjectConfigurationPlatforms) = postSolution
		{C95BEC74-B158-40EC-BAB9-0264DC57BFBB}.Debug|Any CPU.ActiveCfg = Debug|Any CPU
		{C95BEC74-B158-40EC-BAB9-0264DC57BFBB}.Debug|Any CPU.Build.0 = Debug|Any CPU
		{C95BEC74-B158-40EC-BAB9-0264DC57BFBB}.Release|Any CPU.ActiveCfg = Release|Any CPU
		{C95BEC74-B158-40EC-BAB9-0264DC57BFBB}.Release|Any CPU.Build.0 = Release|Any CPU
	EndGlobalSection
	GlobalSection(SolutionProperties) = preSolution
		HideSolutionNode = FALSE
	EndGlobalSection
	GlobalSection(ExtensibilityGlobals) = postSolution
		SolutionGuid = {CD3A0BF4-D548-4CAA-8B24-170B93488BC9}
	EndGlobalSection
EndGlobal
